{
  "name": "humanist",
  "version": "0.1.0",
  "lockfileVersion": 1,
  "requires": true,
  "dependencies": {
    "abbrev": {
      "version": "1.1.1",
      "resolved": "https://registry.npmjs.org/abbrev/-/abbrev-1.1.1.tgz",
      "integrity": "sha512-nne9/IiQ/hzIhY6pdDnbBtz7DjPTKrY00P/zvPSm5pOFkl6xuGrGnXn/VtTNNfNtAfZ9/1RtehkszU9qcTii0Q==",
      "dev": true
    },
    "backbone": {
      "version": "1.3.3",
      "resolved": "https://registry.npmjs.org/backbone/-/backbone-1.3.3.tgz",
      "integrity": "sha1-TMgOp8sWMaxHSInOQPL4vGg7KZk="
    },
    "backbone.cocktail": {
      "version": "0.5.15",
      "resolved": "https://registry.npmjs.org/backbone.cocktail/-/backbone.cocktail-0.5.15.tgz",
      "integrity": "sha1-M5FR/Bprzukm6cBqgcws54a2NGE="
    },
    "backbone.radio": {
      "version": "0.7.2",
      "resolved": "https://registry.npmjs.org/backbone.radio/-/backbone.radio-0.7.2.tgz",
      "integrity": "sha1-AgbC+eD7Jrd2L0CSZYQF2grBAMo=",
      "dependencies": {
        "backbone": {
          "version": "1.1.2",
          "resolved": "https://registry.npmjs.org/backbone/-/backbone-1.1.2.tgz",
          "integrity": "sha1-wsBMZr+HJo+4LBd6zr7/fTe6by0="
        },
        "underscore": {
          "version": "1.7.0",
          "resolved": "https://registry.npmjs.org/underscore/-/underscore-1.7.0.tgz",
          "integrity": "sha1-a7rwh3UA02vjTsqlhODbn+8DUgk="
        }
      }
    },
    "bootstrap": {
      "version": "3.3.7",
      "resolved": "http://registry.npmjs.org/bootstrap/-/bootstrap-3.3.7.tgz",
      "integrity": "sha1-WjiTlFSfIzMIdaOxUGVldPip63E="
    },
    "brace-expansion": {
      "version": "1.1.11",
      "resolved": "https://registry.npmjs.org/brace-expansion/-/brace-expansion-1.1.11.tgz",
      "integrity": "sha512-iCuPHDFgrHX7H2vEI/5xpz07zSHB00TpugqhmYtVmMO6518mCuRMoOYFldEBl0g187ufozdaHgWKcYFb61qGiA==",
      "dev": true
    },
    "browserify": {
      "version": "5.13.1",
      "resolved": "https://registry.npmjs.org/browserify/-/browserify-5.13.1.tgz",
      "integrity": "sha1-ojg2OCT6dwVPZblsktGZv/C2x2s=",
      "dev": true
    },
    "browserify-shim": {
      "version": "3.8.14",
      "resolved": "https://registry.npmjs.org/browserify-shim/-/browserify-shim-3.8.14.tgz",
      "integrity": "sha1-vxBXAmky0yU8de991xTzuHft7Gs=",
      "dev": true,
      "dependencies": {
        "resolve": {
          "version": "0.6.3",
          "resolved": "https://registry.npmjs.org/resolve/-/resolve-0.6.3.tgz",
          "integrity": "sha1-3ZV5gufnNt699TtYpN2RdUV13UY="
        }
      }
    },
    "collections": {
      "version": "1.2.4",
      "resolved": "https://registry.npmjs.org/collections/-/collections-1.2.4.tgz",
      "integrity": "sha1-Pi8WRe1D188f4khAYAH6q0Ln5GM=",
      "dev": true
    },
    "colors": {
      "version": "1.1.2",
      "resolved": "https://registry.npmjs.org/colors/-/colors-1.1.2.tgz",
      "integrity": "sha1-FopHAXVran9RoSzgyXv6KMCE7WM=",
      "dev": true
    },
    "d3-browserify": {
      "version": "3.4.12",
      "resolved": "https://registry.npmjs.org/d3-browserify/-/d3-browserify-3.4.12.tgz",
      "integrity": "sha1-sS58yp0yhqxd7BLQpuxdzVeLXx0="
    },
    "esprima": {
      "version": "4.0.1",
      "resolved": "https://registry.npmjs.org/esprima/-/esprima-4.0.1.tgz",
      "integrity": "sha512-eGuFFw7Upda+g4p+QHvnW0RyTX/SVeJBDM/gCtMARO0cLuT2HcEKnTPvhjV6aGeqrCB/sbNop0Kszm0jsaWU4A==",
      "dev": true
    },
    "eventemitter2": {
      "version": "0.4.14",
      "resolved": "http://registry.npmjs.org/eventemitter2/-/eventemitter2-0.4.14.tgz",
      "integrity": "sha1-j2G3XN4BKy6esoTUVFWDtWQ7Yas=",
      "dev": true
    },
    "exit": {
      "version": "0.1.2",
      "resolved": "https://registry.npmjs.org/exit/-/exit-0.1.2.tgz",
      "integrity": "sha1-BjJjj42HfMghB9MKD/8aF8uhzQw=",
      "dev": true
    },
    "fs.realpath": {
      "version": "1.0.0",
      "resolved": "https://registry.npmjs.org/fs.realpath/-/fs.realpath-1.0.0.tgz",
      "integrity": "sha1-FQStJSMVjKpA20onh8sBQRmU6k8=",
      "dev": true
    },
    "grunt": {
      "version": "1.3.0",
      "resolved": "https://registry.npmjs.org/grunt/-/grunt-1.3.0.tgz",
      "integrity": "sha512-6ILlMXv11/4cxuhSMfSU+SfvbxrPuqZrAtLN64+tZpQ3DAKfSQPQHRbTjSbdtxfyQhGZPtN0bDZJ/LdCM5WXXA==",
      "dev": true,
      "requires": {
        "dateformat": "~3.0.3",
        "eventemitter2": "~0.4.13",
        "exit": "~0.1.2",
        "findup-sync": "~0.3.0",
        "glob": "~7.1.6",
        "grunt-cli": "~1.3.2",
        "grunt-known-options": "~1.1.0",
        "grunt-legacy-log": "~3.0.0",
        "grunt-legacy-util": "~2.0.0",
        "iconv-lite": "~0.4.13",
        "js-yaml": "~3.14.0",
        "minimatch": "~3.0.4",
        "mkdirp": "~1.0.4",
        "nopt": "~3.0.6",
        "rimraf": "~3.0.2"
      },
      "dependencies": {
        "ansi-styles": {
          "version": "4.3.0",
          "resolved": "https://registry.npmjs.org/ansi-styles/-/ansi-styles-4.3.0.tgz",
          "integrity": "sha512-zbB9rCJAT1rbjiVDb2hqKFHNYLxgtk8NURxZ3IZwD3F6NtxbXZQCnnSi1Lkx+IDohdPlFp222wVALIheZJQSEg==",
          "dev": true,
          "requires": {
            "color-convert": "^2.0.1"
          }
        },
        "argparse": {
          "version": "1.0.10",
          "resolved": "https://registry.npmjs.org/argparse/-/argparse-1.0.10.tgz",
          "integrity": "sha512-o5Roy6tNG4SL/FOkCAN6RzjiakZS25RLYFrcMttJqbdd8BWrnA+fGz57iN5Pb06pvBGvl5gQ0B48dJlslXvoTg==",
          "dev": true,
          "requires": {
            "sprintf-js": "~1.0.2"
          },
          "dependencies": {
            "sprintf-js": {
              "version": "1.0.3",
              "resolved": "https://registry.npmjs.org/sprintf-js/-/sprintf-js-1.0.3.tgz",
              "integrity": "sha1-BOaSb2YolTVPPdAVIDYzuFcpfiw=",
              "dev": true
            }
          }
        },
        "async": {
          "version": "3.2.0",
          "resolved": "http://registry.npmjs.org/async/-/async-3.2.0.tgz",
          "integrity": "sha512-TR2mEZFVOj2pLStYxLht7TyfuRzaydfpxr3k9RpHIzMgw7A64dzsdqCxH1WJyQdoe8T10nDXd9wnEigmiuHIZw==",
          "dev": true
        },
        "chalk": {
          "version": "4.1.1",
          "resolved": "https://registry.npmjs.org/chalk/-/chalk-4.1.1.tgz",
          "integrity": "sha512-diHzdDKxcU+bAsUboHLPEDQiw0qEe0qd7SYUn3HgcFlWgbDcfLGswOHYeGrHKzG9z6UYf01d9VFMfZxPM1xZSg==",
          "dev": true,
          "requires": {
            "ansi-styles": "^4.1.0",
            "supports-color": "^7.1.0"
          }
        },
        "color-convert": {
          "version": "2.0.1",
          "resolved": "https://registry.npmjs.org/color-convert/-/color-convert-2.0.1.tgz",
          "integrity": "sha512-RRECPsj7iu/xb5oKYcsFHSppFNnsj/52OVTRKb4zP5onXwVF3zVmmToNcOfGC+CRDpfK/U584fMg38ZHCaElKQ==",
          "dev": true,
          "requires": {
            "color-name": "~1.1.4"
          }
        },
        "color-name": {
          "version": "1.1.4",
          "resolved": "https://registry.npmjs.org/color-name/-/color-name-1.1.4.tgz",
          "integrity": "sha512-dOy+3AuW3a2wNbZHIuMZpTcgjGuLU/uBL/ubcZF9OXbDo8ff4O8yVp5Bf0efS8uEoYo5q4Fx7dY9OgQGXgAsQA==",
          "dev": true
        },
        "dateformat": {
          "version": "3.0.3",
          "resolved": "https://registry.npmjs.org/dateformat/-/dateformat-3.0.3.tgz",
          "integrity": "sha512-jyCETtSl3VMZMWeRo7iY1FL19ges1t55hMo5yaam4Jrsm5EPL89UQkoQRyiI+Yf4k8r2ZpdngkV8hr1lIdjb3Q==",
          "dev": true
        },
        "findup-sync": {
          "version": "0.3.0",
          "resolved": "https://registry.npmjs.org/findup-sync/-/findup-sync-0.3.0.tgz",
          "integrity": "sha1-N5MKpdgWt3fANEXhlmzGeQpMCxY=",
          "dev": true,
          "requires": {
            "glob": "~5.0.0"
          },
          "dependencies": {
            "glob": {
              "version": "5.0.15",
              "resolved": "https://registry.npmjs.org/glob/-/glob-5.0.15.tgz",
              "integrity": "sha1-G8k2ueAvSmA/zCIuz3Yz0wuLk7E=",
              "dev": true,
              "requires": {
                "inflight": "^1.0.4",
                "inherits": "2",
                "minimatch": "2 || 3",
                "once": "^1.3.0",
                "path-is-absolute": "^1.0.0"
              }
            }
          }
        },
        "getobject": {
          "version": "1.0.0",
          "resolved": "https://registry.npmjs.org/getobject/-/getobject-1.0.0.tgz",
          "integrity": "sha512-tbUz6AKKKr2YiMB+fLWIgq5ZeBOobop9YMMAU9dC54/ot2ksMXt3DOFyBuhZw6ptcVszEykgByK20j7W9jHFag==",
          "dev": true
        },
        "glob": {
          "version": "7.1.7",
          "resolved": "https://registry.npmjs.org/glob/-/glob-7.1.7.tgz",
          "integrity": "sha512-OvD9ENzPLbegENnYP5UUfJIirTg4+XwMWGaQfQTY0JenxNvvIKP3U3/tAQSPIu/lHxXYSZmpXlUHeqAIdKzBLQ==",
          "dev": true,
          "requires": {
            "fs.realpath": "^1.0.0",
            "inflight": "^1.0.4",
            "inherits": "2",
            "minimatch": "^3.0.4",
            "once": "^1.3.0",
            "path-is-absolute": "^1.0.0"
          }
        },
        "grunt-cli": {
          "version": "1.3.2",
          "resolved": "https://registry.npmjs.org/grunt-cli/-/grunt-cli-1.3.2.tgz",
          "integrity": "sha512-8OHDiZZkcptxVXtMfDxJvmN7MVJNE8L/yIcPb4HB7TlyFD1kDvjHrb62uhySsU14wJx9ORMnTuhRMQ40lH/orQ==",
          "dev": true,
          "requires": {
            "grunt-known-options": "~1.1.0",
            "interpret": "~1.1.0",
            "liftoff": "~2.5.0",
            "nopt": "~4.0.1",
            "v8flags": "~3.1.1"
          },
          "dependencies": {
            "nopt": {
              "version": "4.0.3",
              "resolved": "https://registry.npmjs.org/nopt/-/nopt-4.0.3.tgz",
              "integrity": "sha512-CvaGwVMztSMJLOeXPrez7fyfObdZqNUK1cPAEzLHrTybIua9pMdmmPR5YwtfNftIOMv3DPUhFaxsZMNTQO20Kg==",
              "dev": true,
              "requires": {
                "abbrev": "1",
                "osenv": "^0.1.4"
              }
            }
          }
        },
        "grunt-legacy-log": {
          "version": "3.0.0",
          "resolved": "https://registry.npmjs.org/grunt-legacy-log/-/grunt-legacy-log-3.0.0.tgz",
          "integrity": "sha512-GHZQzZmhyq0u3hr7aHW4qUH0xDzwp2YXldLPZTCjlOeGscAOWWPftZG3XioW8MasGp+OBRIu39LFx14SLjXRcA==",
          "dev": true,
          "requires": {
            "colors": "~1.1.2",
            "grunt-legacy-log-utils": "~2.1.0",
            "hooker": "~0.2.3",
            "lodash": "~4.17.19"
          }
        },
        "grunt-legacy-log-utils": {
          "version": "2.1.0",
          "resolved": "https://registry.npmjs.org/grunt-legacy-log-utils/-/grunt-legacy-log-utils-2.1.0.tgz",
          "integrity": "sha512-lwquaPXJtKQk0rUM1IQAop5noEpwFqOXasVoedLeNzaibf/OPWjKYvvdqnEHNmU+0T0CaReAXIbGo747ZD+Aaw==",
          "dev": true,
          "requires": {
            "chalk": "~4.1.0",
            "lodash": "~4.17.19"
          }
        },
        "grunt-legacy-util": {
          "version": "2.0.1",
          "resolved": "https://registry.npmjs.org/grunt-legacy-util/-/grunt-legacy-util-2.0.1.tgz",
          "integrity": "sha512-2bQiD4fzXqX8rhNdXkAywCadeqiPiay0oQny77wA2F3WF4grPJXCvAcyoWUJV+po/b15glGkxuSiQCK299UC2w==",
          "dev": true,
          "requires": {
            "async": "~3.2.0",
            "exit": "~0.1.2",
            "getobject": "~1.0.0",
            "hooker": "~0.2.3",
            "lodash": "~4.17.21",
            "underscore.string": "~3.3.5",
            "which": "~2.0.2"
          }
        },
        "has-flag": {
          "version": "4.0.0",
          "resolved": "https://registry.npmjs.org/has-flag/-/has-flag-4.0.0.tgz",
          "integrity": "sha512-EykJT/Q1KjTWctppgIAgfSO0tKVuZUjhgMr17kqTumMl6Afv3EISleU7qZUzoXDFTAHTDC4NOoG/ZxU3EvlMPQ==",
          "dev": true
        },
        "iconv-lite": {
          "version": "0.4.24",
          "resolved": "https://registry.npmjs.org/iconv-lite/-/iconv-lite-0.4.24.tgz",
          "integrity": "sha512-v3MXnZAcvnywkTUEZomIActle7RXXeedOR31wwl7VlyoXO4Qi9arvSenNQWne1TcRwhCL1HwLI21bEqdpj8/rA==",
          "dev": true,
          "requires": {
            "safer-buffer": ">= 2.1.2 < 3"
          }
        },
        "js-yaml": {
          "version": "3.14.1",
          "resolved": "https://registry.npmjs.org/js-yaml/-/js-yaml-3.14.1.tgz",
          "integrity": "sha512-okMH7OXXJ7YrN9Ok3/SXrnu4iX9yOk+25nqX4imS2npuvTYDmo/QEZoqwZkYaIDk3jVvBOTOIEgEhaLOynBS9g==",
          "dev": true,
          "requires": {
            "argparse": "^1.0.7",
            "esprima": "^4.0.0"
          }
        },
        "lodash": {
          "version": "4.17.21",
          "resolved": "https://registry.npmjs.org/lodash/-/lodash-4.17.21.tgz",
          "integrity": "sha512-v2kDEe57lecTulaDIuNTPy3Ry4gLGJ6Z1O3vE1krgXZNrsQ+LFTGHVxVjcXPs17LhbZVGedAJv8XZ1tvj5FvSg==",
          "dev": true
        },
        "minimatch": {
          "version": "3.0.4",
          "resolved": "https://registry.npmjs.org/minimatch/-/minimatch-3.0.4.tgz",
          "integrity": "sha512-yJHVQEhyqPLUTgt9B83PXu6W3rx4MvvHvSUvToogpwoGDOUQ+yDrR0HRot+yOCdCO7u4hX3pWft6kWBBcqh0UA==",
          "dev": true,
          "requires": {
            "brace-expansion": "^1.1.7"
          }
        },
        "mkdirp": {
          "version": "1.0.4",
          "resolved": "http://registry.npmjs.org/mkdirp/-/mkdirp-1.0.4.tgz",
          "integrity": "sha512-vVqVZQyf3WLx2Shd0qJ9xuvqgAyKPLAiqITEtqW0oIUjzo3PePDd6fW9iFz30ef7Ysp/oiWqbhszeGWW2T6Gzw==",
          "dev": true
        },
        "nopt": {
          "version": "3.0.6",
          "resolved": "https://registry.npmjs.org/nopt/-/nopt-3.0.6.tgz",
          "integrity": "sha1-xkZdvwirzU2zWTF/eaxopkayj/k=",
          "dev": true,
          "requires": {
            "abbrev": "1"
          }
        },
        "rimraf": {
          "version": "3.0.2",
          "resolved": "https://registry.npmjs.org/rimraf/-/rimraf-3.0.2.tgz",
          "integrity": "sha512-JZkJMZkAGFFPP2YqXZXPbMlMBgsxzE8ILs4lMIX/2o0L9UBw9O/Y3o6wFw/i9YLapcUJWwqbi3kdxIPdC62TIA==",
          "dev": true,
          "requires": {
            "glob": "^7.1.3"
          }
        },
        "supports-color": {
          "version": "7.2.0",
          "resolved": "https://registry.npmjs.org/supports-color/-/supports-color-7.2.0.tgz",
          "integrity": "sha512-qpCAvRl9stuOHveKsn7HncJRvv501qIacKzQlO/+Lwxc9+0q2wLyv4Dfvt80/DPn2pqOBsJdDiogXGR9+OvwRw==",
          "dev": true,
          "requires": {
            "has-flag": "^4.0.0"
          }
        },
        "underscore.string": {
          "version": "3.3.5",
          "resolved": "https://registry.npmjs.org/underscore.string/-/underscore.string-3.3.5.tgz",
          "integrity": "sha512-g+dpmgn+XBneLmXXo+sGlW5xQEt4ErkS3mgeN2GFbremYeMBSJKr9Wf2KJplQVaiPY/f7FN6atosWYNm9ovrYg==",
          "dev": true,
          "requires": {
            "sprintf-js": "^1.0.3",
            "util-deprecate": "^1.0.2"
          }
        },
        "v8flags": {
          "version": "3.1.3",
          "resolved": "https://registry.npmjs.org/v8flags/-/v8flags-3.1.3.tgz",
          "integrity": "sha512-amh9CCg3ZxkzQ48Mhcb8iX7xpAfYJgePHxWMQCBWECpOSqJUXgY26ncA61UTV0BkPqfhcy6mzwCIoP4ygxpW8w==",
          "dev": true,
          "requires": {
            "homedir-polyfill": "^1.0.1"
          }
        },
        "which": {
          "version": "2.0.2",
          "resolved": "https://registry.npmjs.org/which/-/which-2.0.2.tgz",
          "integrity": "sha512-BLI3Tl1TW3Pvl70l3yq3Y64i+awpwXqsGBYWkkqMtnbXgrMD+yj7rhW0kuEDxzJaYXGjEW5ogapKNMEKNMjibA==",
          "dev": true,
          "requires": {
            "isexe": "^2.0.0"
          }
        }
      }
    },
    "grunt-browserify": {
      "version": "3.8.0",
      "resolved": "https://registry.npmjs.org/grunt-browserify/-/grunt-browserify-3.8.0.tgz",
      "integrity": "sha1-DQDYPZJXgXXN6oY/v4YOPVYhxKM=",
      "dev": true,
      "dependencies": {
        "JSONStream": {
          "version": "1.3.5",
          "resolved": "https://registry.npmjs.org/JSONStream/-/JSONStream-1.3.5.tgz",
          "integrity": "sha512-E+iruNOY8VV9s4JEbe1aNEm6MiszPRr/UfcHMz0TQh1BXSxHK+ASV1R6W4HpjBhSeS+54PIsAMCBmwD06LLsqQ=="
        },
        "assert": {
          "version": "1.3.0",
          "resolved": "https://registry.npmjs.org/assert/-/assert-1.3.0.tgz",
          "integrity": "sha1-A5OaYiWCqBLMICMgoLmlbJuBWEk=",
          "dependencies": {
            "inherits": {
              "version": "2.0.1",
              "resolved": "https://registry.npmjs.org/inherits/-/inherits-2.0.1.tgz",
              "integrity": "sha1-sX0I0ya0Qj5Wjv9xn5GwscvfafE="
            },
            "util": {
              "version": "0.10.3",
              "resolved": "https://registry.npmjs.org/util/-/util-0.10.3.tgz",
              "integrity": "sha1-evsa/lCAUkZInj23/g7TeTNqwPk="
            }
          }
        },
        "async": {
          "version": "0.9.2",
          "resolved": "http://registry.npmjs.org/async/-/async-0.9.2.tgz",
          "integrity": "sha1-rqdNXmHB+JlhO/ZL2mbUx48v0X0="
        },
        "base64-js": {
          "version": "0.0.8",
          "resolved": "https://registry.npmjs.org/base64-js/-/base64-js-0.0.8.tgz",
          "integrity": "sha1-EQHpVE9KdrG8OybUUsqW16NeeXg="
        },
        "browser-pack": {
          "version": "5.0.1",
          "resolved": "https://registry.npmjs.org/browser-pack/-/browser-pack-5.0.1.tgz",
          "integrity": "sha1-QZdxmyDG4KqglFHFER5T77b7wY0="
        },
        "browserify": {
          "version": "10.2.6",
          "resolved": "https://registry.npmjs.org/browserify/-/browserify-10.2.6.tgz",
          "integrity": "sha1-3L/veU9Uj1+EmCFIFPaXpcUMCJY=",
          "dependencies": {
            "glob": {
              "version": "4.5.3",
              "resolved": "https://registry.npmjs.org/glob/-/glob-4.5.3.tgz",
              "integrity": "sha1-xstz0yJsHv7wTePFbQEvAzd+4V8="
            }
          }
        },
        "buffer": {
          "version": "3.6.0",
          "resolved": "https://registry.npmjs.org/buffer/-/buffer-3.6.0.tgz",
          "integrity": "sha1-pyyTb3e5a/UvX357RnGAYoVR3vs=",
          "dependencies": {
            "isarray": {
              "version": "1.0.0",
              "resolved": "https://registry.npmjs.org/isarray/-/isarray-1.0.0.tgz",
              "integrity": "sha1-u5NdSFgsuhaMBoNJV6VKPgcSTxE="
            }
          }
        },
        "combine-source-map": {
          "version": "0.6.1",
          "resolved": "https://registry.npmjs.org/combine-source-map/-/combine-source-map-0.6.1.tgz",
          "integrity": "sha1-m0oJwxYDPXaODxHgKfonMOB5rZY="
        },
        "convert-source-map": {
          "version": "1.1.3",
          "resolved": "http://registry.npmjs.org/convert-source-map/-/convert-source-map-1.1.3.tgz",
          "integrity": "sha1-SCnId+n+SbMWHzvzZziI4gRpmGA="
        },
        "defined": {
          "version": "1.0.0",
          "resolved": "https://registry.npmjs.org/defined/-/defined-1.0.0.tgz",
          "integrity": "sha1-yY2bzvdWdBiOEQlpFRGZ45sfppM="
        },
        "glob": {
          "version": "5.0.15",
          "resolved": "https://registry.npmjs.org/glob/-/glob-5.0.15.tgz",
          "integrity": "sha1-G8k2ueAvSmA/zCIuz3Yz0wuLk7E="
        },
        "inline-source-map": {
          "version": "0.5.0",
          "resolved": "https://registry.npmjs.org/inline-source-map/-/inline-source-map-0.5.0.tgz",
          "integrity": "sha1-Skxd2OT7Xps82mDIIt+tyu5m4K8="
        },
        "jsonparse": {
          "version": "1.3.1",
          "resolved": "https://registry.npmjs.org/jsonparse/-/jsonparse-1.3.1.tgz",
          "integrity": "sha1-P02uSpH6wxX3EGL4UhzCOfE2YoA="
        },
        "lodash": {
          "version": "3.10.1",
          "resolved": "https://registry.npmjs.org/lodash/-/lodash-3.10.1.tgz",
          "integrity": "sha1-W/Rejkm6QYnhfUgnid/RW9FAt7Y="
        },
        "parents": {
          "version": "1.0.1",
          "resolved": "https://registry.npmjs.org/parents/-/parents-1.0.1.tgz",
          "integrity": "sha1-/t1NK/GTp3dF/nHjcdc8MwfZx1E="
        },
        "process": {
          "version": "0.11.10",
          "resolved": "https://registry.npmjs.org/process/-/process-0.11.10.tgz",
          "integrity": "sha1-czIwDoQBYb2j5podHZGn1LwW8YI="
        },
        "punycode": {
          "version": "1.4.1",
          "resolved": "https://registry.npmjs.org/punycode/-/punycode-1.4.1.tgz",
          "integrity": "sha1-wNWmOycYgArY4esPpSachN1BhF4="
        },
        "resolve": {
          "version": "1.8.1",
          "resolved": "https://registry.npmjs.org/resolve/-/resolve-1.8.1.tgz",
          "integrity": "sha512-AicPrAC7Qu1JxPCZ9ZgCZlY35QgFnNqc+0LtbRNxnVw4TXvjQ72wnuL9JQcEBgXkI9JM8MsT9kaQoHcpCRJOYA=="
        },
        "source-map": {
          "version": "0.4.4",
          "resolved": "https://registry.npmjs.org/source-map/-/source-map-0.4.4.tgz",
          "integrity": "sha1-66T12pwNyZneaAMti092FzZSA2s="
        },
        "umd": {
          "version": "3.0.3",
          "resolved": "https://registry.npmjs.org/umd/-/umd-3.0.3.tgz",
          "integrity": "sha512-4IcGSufhFshvLNcMCV80UnQVlZ5pMOC8mvNPForqwA4+lzYQuetTESLDQkeLmihq8bRcnpbQa48Wb8Lh16/xow=="
        },
        "xtend": {
          "version": "4.0.1",
          "resolved": "https://registry.npmjs.org/xtend/-/xtend-4.0.1.tgz",
          "integrity": "sha1-pcbVMr5lbiPbgg77lDofBJmNY68="
        }
      }
    },
    "grunt-cli": {
      "version": "1.3.1",
      "resolved": "https://registry.npmjs.org/grunt-cli/-/grunt-cli-1.3.1.tgz",
      "integrity": "sha512-UwBRu/QpAjDc53DRLEkyilFdL0zenpxu+fddTIlsF/KJqdNcHaQmvyu1W3cDesZ9rqqZdKK5A8+QDIyLUEWoZQ==",
      "dependencies": {
        "nopt": {
          "version": "4.0.1",
          "resolved": "https://registry.npmjs.org/nopt/-/nopt-4.0.1.tgz",
          "integrity": "sha1-0NRoWv1UFRk8jHUFYC0NF81kR00="
        }
      }
    },
    "grunt-contrib-clean": {
      "version": "0.6.0",
      "resolved": "http://registry.npmjs.org/grunt-contrib-clean/-/grunt-contrib-clean-0.6.0.tgz",
      "integrity": "sha1-9TLbpLghJnTHwBPhRr2mY4uQSPY=",
      "dev": true
    },
    "grunt-contrib-connect": {
      "version": "0.8.0",
      "resolved": "http://registry.npmjs.org/grunt-contrib-connect/-/grunt-contrib-connect-0.8.0.tgz",
      "integrity": "sha1-H3AEPjpHOuj7eorL+SnOEE6vQyM=",
      "dev": true,
      "dependencies": {
        "async": {
          "version": "0.9.2",
          "resolved": "http://registry.npmjs.org/async/-/async-0.9.2.tgz",
          "integrity": "sha1-rqdNXmHB+JlhO/ZL2mbUx48v0X0="
        }
      }
    },
    "grunt-contrib-copy": {
      "version": "0.7.0",
      "resolved": "https://registry.npmjs.org/grunt-contrib-copy/-/grunt-contrib-copy-0.7.0.tgz",
      "integrity": "sha1-xt5I4N9zFEmu2w8InAldvCpVBQ8=",
      "dev": true
    },
    "grunt-contrib-cssmin": {
      "version": "0.10.0",
      "resolved": "http://registry.npmjs.org/grunt-contrib-cssmin/-/grunt-contrib-cssmin-0.10.0.tgz",
      "integrity": "sha1-4F80HnU6lnSysQcCIP3LrCIHlBg=",
      "dev": true,
      "dependencies": {
        "ansi-styles": {
          "version": "1.0.0",
          "resolved": "https://registry.npmjs.org/ansi-styles/-/ansi-styles-1.0.0.tgz",
          "integrity": "sha1-yxAt8cVvUSPquLZ817mAJ6AnkXg="
        },
        "chalk": {
          "version": "0.4.0",
          "resolved": "https://registry.npmjs.org/chalk/-/chalk-0.4.0.tgz",
          "integrity": "sha1-UZmj3c0MHv4jvAjBsCewYXbgxk8="
        },
        "strip-ansi": {
          "version": "0.1.1",
          "resolved": "http://registry.npmjs.org/strip-ansi/-/strip-ansi-0.1.1.tgz",
          "integrity": "sha1-OeipjQRNFQZgq+SmgIrPcLt7yZE="
        }
      }
    },
    "grunt-contrib-jade": {
      "version": "0.12.0",
      "resolved": "https://registry.npmjs.org/grunt-contrib-jade/-/grunt-contrib-jade-0.12.0.tgz",
      "integrity": "sha1-oQT1xrzwNCgTfxAdPDB/E6mYOgo=",
      "dev": true,
      "dependencies": {
        "ansi-styles": {
          "version": "1.0.0",
          "resolved": "https://registry.npmjs.org/ansi-styles/-/ansi-styles-1.0.0.tgz",
          "integrity": "sha1-yxAt8cVvUSPquLZ817mAJ6AnkXg="
        },
        "chalk": {
          "version": "0.4.0",
          "resolved": "https://registry.npmjs.org/chalk/-/chalk-0.4.0.tgz",
          "integrity": "sha1-UZmj3c0MHv4jvAjBsCewYXbgxk8="
        },
        "strip-ansi": {
          "version": "0.1.1",
          "resolved": "http://registry.npmjs.org/strip-ansi/-/strip-ansi-0.1.1.tgz",
          "integrity": "sha1-OeipjQRNFQZgq+SmgIrPcLt7yZE="
        }
      }
    },
    "grunt-contrib-less": {
      "version": "0.11.4",
      "resolved": "https://registry.npmjs.org/grunt-contrib-less/-/grunt-contrib-less-0.11.4.tgz",
      "integrity": "sha1-VmdHWsRRfzLKYjuaTYHWz0rtK1E=",
      "dev": true,
      "dependencies": {
        "ansi-styles": {
          "version": "1.0.0",
          "resolved": "https://registry.npmjs.org/ansi-styles/-/ansi-styles-1.0.0.tgz",
          "integrity": "sha1-yxAt8cVvUSPquLZ817mAJ6AnkXg="
        },
        "gzip-size": {
          "version": "0.1.1",
          "resolved": "https://registry.npmjs.org/gzip-size/-/gzip-size-0.1.1.tgz",
          "integrity": "sha1-rjNIO2/IIk6DQilt4Qjvk3V/duA="
        },
        "maxmin": {
          "version": "0.1.0",
          "resolved": "https://registry.npmjs.org/maxmin/-/maxmin-0.1.0.tgz",
          "integrity": "sha1-ldgcUonjqdMPf8fcVZwCTlAwydA=",
          "dependencies": {
            "chalk": {
              "version": "0.4.0",
              "resolved": "https://registry.npmjs.org/chalk/-/chalk-0.4.0.tgz",
              "integrity": "sha1-UZmj3c0MHv4jvAjBsCewYXbgxk8="
            }
          }
        },
        "strip-ansi": {
          "version": "0.1.1",
          "resolved": "http://registry.npmjs.org/strip-ansi/-/strip-ansi-0.1.1.tgz",
          "integrity": "sha1-OeipjQRNFQZgq+SmgIrPcLt7yZE="
        },
        "zlib-browserify": {
          "version": "0.0.3",
          "resolved": "https://registry.npmjs.org/zlib-browserify/-/zlib-browserify-0.0.3.tgz",
          "integrity": "sha1-JAzNv9AgP6hCsTDe77FBQSLIzFA="
        }
      }
    },
    "grunt-contrib-uglify": {
      "version": "0.5.1",
      "resolved": "http://registry.npmjs.org/grunt-contrib-uglify/-/grunt-contrib-uglify-0.5.1.tgz",
      "integrity": "sha1-FfCqXo6LpCGuqYCHnuUFvHErbN4=",
      "dev": true
    },
    "grunt-contrib-watch": {
      "version": "0.6.1",
      "resolved": "https://registry.npmjs.org/grunt-contrib-watch/-/grunt-contrib-watch-0.6.1.tgz",
      "integrity": "sha1-ZP3LolpjX1tNobbOb5DaCutuPxU=",
      "dev": true
    },
    "grunt-known-options": {
      "version": "1.1.1",
      "resolved": "https://registry.npmjs.org/grunt-known-options/-/grunt-known-options-1.1.1.tgz",
      "integrity": "sha512-cHwsLqoighpu7TuYj5RonnEuxGVFnztcUqTqp5rXFGYL4OuPFofwC4Ycg7n9fYwvK6F5WbYgeVOwph9Crs2fsQ==",
      "dev": true
    },
    "grunt-react": {
      "version": "0.9.0",
      "resolved": "https://registry.npmjs.org/grunt-react/-/grunt-react-0.9.0.tgz",
      "integrity": "sha1-C/w3zg/b9MOxjWkr5jU01NFMONY=",
      "dev": true
    },
    "homedir-polyfill": {
      "version": "1.0.1",
      "resolved": "https://registry.npmjs.org/homedir-polyfill/-/homedir-polyfill-1.0.1.tgz",
      "integrity": "sha1-TCu8inWJmP7r9e1oWA921GdotLw=",
      "dev": true
    },
    "hooker": {
      "version": "0.2.3",
      "resolved": "https://registry.npmjs.org/hooker/-/hooker-0.2.3.tgz",
      "integrity": "sha1-uDT3I8xKJCqmWWNFnfbZhMXT2Vk=",
      "dev": true
    },
    "inflight": {
      "version": "1.0.6",
      "resolved": "https://registry.npmjs.org/inflight/-/inflight-1.0.6.tgz",
      "integrity": "sha1-Sb1jMdfQLQwJvJEKEHW6gWW1bfk=",
      "dev": true
    },
    "inherits": {
      "version": "2.0.3",
      "resolved": "https://registry.npmjs.org/inherits/-/inherits-2.0.3.tgz",
      "integrity": "sha1-Yzwsg+PaQqUC9SRmAiSA9CCCYd4=",
      "dev": true
    },
    "interpret": {
      "version": "1.1.0",
      "resolved": "https://registry.npmjs.org/interpret/-/interpret-1.1.0.tgz",
      "integrity": "sha1-ftGxQQxqDg94z5XTuEQMY/eLhhQ=",
      "dev": true
    },
    "isexe": {
      "version": "2.0.0",
      "resolved": "https://registry.npmjs.org/isexe/-/isexe-2.0.0.tgz",
      "integrity": "sha1-6PvzdNxVb/iUehDcsFctYz8s+hA=",
      "dev": true
    },
    "jit-grunt": {
      "version": "0.8.0",
      "resolved": "https://registry.npmjs.org/jit-grunt/-/jit-grunt-0.8.0.tgz",
      "integrity": "sha1-dcSz37gvtW5j18+W1Zce6OzvfjU=",
      "dev": true
    },
    "jquery": {
      "version": "2.2.4",
      "resolved": "https://registry.npmjs.org/jquery/-/jquery-2.2.4.tgz",
      "integrity": "sha1-LInWiJterFIqfuoywUUhVZxsvwI="
    },
    "jstify": {
      "version": "0.7.0",
      "resolved": "https://registry.npmjs.org/jstify/-/jstify-0.7.0.tgz",
      "integrity": "sha1-36+2MskID9xz5HFdfMOh6B/kub4=",
      "dev": true,
      "dependencies": {
        "readable-stream": {
          "version": "1.0.34",
          "resolved": "http://registry.npmjs.org/readable-stream/-/readable-stream-1.0.34.tgz",
          "integrity": "sha1-Elgg40vIQtLyqq+v5MKRbuMsFXw="
        },
        "through2": {
          "version": "0.6.5",
          "resolved": "https://registry.npmjs.org/through2/-/through2-0.6.5.tgz",
          "integrity": "sha1-QaucZ7KdVyCQcUEOHXp6lozTrUg="
        },
        "xtend": {
          "version": "4.0.1",
          "resolved": "https://registry.npmjs.org/xtend/-/xtend-4.0.1.tgz",
          "integrity": "sha1-pcbVMr5lbiPbgg77lDofBJmNY68="
        }
      }
    },
    "lesshat": {
      "version": "3.0.2",
      "resolved": "https://registry.npmjs.org/lesshat/-/lesshat-3.0.2.tgz",
      "integrity": "sha1-JfHaPq3Wf1sma90hVjS9CHV26q4="
    },
    "liftoff": {
      "version": "2.5.0",
      "resolved": "https://registry.npmjs.org/liftoff/-/liftoff-2.5.0.tgz",
      "integrity": "sha1-IAkpG7Mc6oYbvxCnwVooyvdcMew=",
      "dev": true,
      "dependencies": {
        "arr-diff": {
          "version": "4.0.0",
          "resolved": "https://registry.npmjs.org/arr-diff/-/arr-diff-4.0.0.tgz",
          "integrity": "sha1-1kYQdP6/7HHn4VI1dhoyml3HxSA="
        },
        "array-unique": {
          "version": "0.3.2",
          "resolved": "https://registry.npmjs.org/array-unique/-/array-unique-0.3.2.tgz",
          "integrity": "sha1-qJS3XUvE9s1nnvMkSp/Y9Gri1Cg="
        },
        "braces": {
          "version": "2.3.2",
          "resolved": "https://registry.npmjs.org/braces/-/braces-2.3.2.tgz",
          "integrity": "sha512-aNdbnj9P8PjdXU4ybaWLK2IF3jc/EoDYbC7AazW6to3TRsfXxscC9UXOB5iDiEQrkyIbWp2SLQda4+QAa7nc3w==",
          "dependencies": {
            "extend-shallow": {
              "version": "2.0.1",
              "resolved": "https://registry.npmjs.org/extend-shallow/-/extend-shallow-2.0.1.tgz",
              "integrity": "sha1-Ua99YUrZqfYQ6huvu5idaxxWiQ8="
            }
          }
        },
        "expand-brackets": {
          "version": "2.1.4",
          "resolved": "https://registry.npmjs.org/expand-brackets/-/expand-brackets-2.1.4.tgz",
          "integrity": "sha1-t3c14xXOMPa27/D4OwQVGiJEliI=",
          "dependencies": {
            "define-property": {
              "version": "0.2.5",
              "resolved": "https://registry.npmjs.org/define-property/-/define-property-0.2.5.tgz",
              "integrity": "sha1-w1se+RjsPJkPmlvFe+BKrOxcgRY="
            },
            "extend-shallow": {
              "version": "2.0.1",
              "resolved": "https://registry.npmjs.org/extend-shallow/-/extend-shallow-2.0.1.tgz",
              "integrity": "sha1-Ua99YUrZqfYQ6huvu5idaxxWiQ8="
            },
            "is-accessor-descriptor": {
              "version": "0.1.6",
              "resolved": "https://registry.npmjs.org/is-accessor-descriptor/-/is-accessor-descriptor-0.1.6.tgz",
              "integrity": "sha1-qeEss66Nh2cn7u84Q/igiXtcmNY=",
              "dependencies": {
                "kind-of": {
                  "version": "3.2.2",
                  "resolved": "https://registry.npmjs.org/kind-of/-/kind-of-3.2.2.tgz",
                  "integrity": "sha1-MeohpzS6ubuw8yRm2JOupR5KPGQ="
                }
              }
            },
            "is-data-descriptor": {
              "version": "0.1.4",
              "resolved": "https://registry.npmjs.org/is-data-descriptor/-/is-data-descriptor-0.1.4.tgz",
              "integrity": "sha1-C17mSDiOLIYCgueT8YVv7D8wG1Y=",
              "dependencies": {
                "kind-of": {
                  "version": "3.2.2",
                  "resolved": "https://registry.npmjs.org/kind-of/-/kind-of-3.2.2.tgz",
                  "integrity": "sha1-MeohpzS6ubuw8yRm2JOupR5KPGQ="
                }
              }
            },
            "is-descriptor": {
              "version": "0.1.6",
              "resolved": "https://registry.npmjs.org/is-descriptor/-/is-descriptor-0.1.6.tgz",
              "integrity": "sha512-avDYr0SB3DwO9zsMov0gKCESFYqCnE4hq/4z3TdUlukEy5t9C0YRq7HLrsN52NAcqXKaepeCD0n+B0arnVG3Hg=="
            },
            "kind-of": {
              "version": "5.1.0",
              "resolved": "https://registry.npmjs.org/kind-of/-/kind-of-5.1.0.tgz",
              "integrity": "sha512-NGEErnH6F2vUuXDh+OlbcKW7/wOcfdRHaZ7VWtqCztfHri/++YKmP51OdWeGPuqCOba6kk2OTe5d02VmTB80Pw=="
            }
          }
        },
        "extglob": {
          "version": "2.0.4",
          "resolved": "https://registry.npmjs.org/extglob/-/extglob-2.0.4.tgz",
          "integrity": "sha512-Nmb6QXkELsuBr24CJSkilo6UHHgbekK5UiZgfE6UHD3Eb27YC6oD+bhcT+tJ6cl8dmsgdQxnWlcry8ksBIBLpw==",
          "dependencies": {
            "define-property": {
              "version": "1.0.0",
              "resolved": "https://registry.npmjs.org/define-property/-/define-property-1.0.0.tgz",
              "integrity": "sha1-dp66rz9KY6rTr56NMEybvnm/sOY="
            },
            "extend-shallow": {
              "version": "2.0.1",
              "resolved": "https://registry.npmjs.org/extend-shallow/-/extend-shallow-2.0.1.tgz",
              "integrity": "sha1-Ua99YUrZqfYQ6huvu5idaxxWiQ8="
            }
          }
        },
        "fill-range": {
          "version": "4.0.0",
          "resolved": "https://registry.npmjs.org/fill-range/-/fill-range-4.0.0.tgz",
          "integrity": "sha1-1USBHUKPmOsGpj3EAtJAPDKMOPc=",
          "dependencies": {
            "extend-shallow": {
              "version": "2.0.1",
              "resolved": "https://registry.npmjs.org/extend-shallow/-/extend-shallow-2.0.1.tgz",
              "integrity": "sha1-Ua99YUrZqfYQ6huvu5idaxxWiQ8="
            }
          }
        },
        "findup-sync": {
          "version": "2.0.0",
          "resolved": "https://registry.npmjs.org/findup-sync/-/findup-sync-2.0.0.tgz",
          "integrity": "sha1-kyaxSIwi0aYIhlCoaQGy2akKLLw="
        },
        "is-accessor-descriptor": {
          "version": "1.0.0",
          "resolved": "https://registry.npmjs.org/is-accessor-descriptor/-/is-accessor-descriptor-1.0.0.tgz",
          "integrity": "sha512-m5hnHTkcVsPfqx3AKlyttIPb7J+XykHvJP2B9bZDjlhLIoEq4XoK64Vg7boZlVWYK6LUY94dYPEE7Lh0ZkZKcQ=="
        },
        "is-data-descriptor": {
          "version": "1.0.0",
          "resolved": "https://registry.npmjs.org/is-data-descriptor/-/is-data-descriptor-1.0.0.tgz",
          "integrity": "sha512-jbRXy1FmtAoCjQkVmIVYwuuqDFUbaOeDjmed1tOGPrsMhtJA4rD9tkgA0F1qJ3gRFRXcHYVkdeaP50Q5rE/jLQ=="
        },
        "is-descriptor": {
          "version": "1.0.2",
          "resolved": "https://registry.npmjs.org/is-descriptor/-/is-descriptor-1.0.2.tgz",
          "integrity": "sha512-2eis5WqQGV7peooDyLmNEPUrps9+SXX5c9pL3xEB+4e9HnGuDa7mB7kHxHw4CbqS9k1T2hOH3miL8n8WtiYVtg=="
        },
        "is-extglob": {
          "version": "2.1.1",
          "resolved": "https://registry.npmjs.org/is-extglob/-/is-extglob-2.1.1.tgz",
          "integrity": "sha1-qIwCU1eR8C7TfHahueqXc8gz+MI="
        },
        "is-glob": {
          "version": "3.1.0",
          "resolved": "https://registry.npmjs.org/is-glob/-/is-glob-3.1.0.tgz",
          "integrity": "sha1-e6WuJCF4BKxwcHuWkiVnSGzD6Eo="
        },
        "is-number": {
          "version": "3.0.0",
          "resolved": "https://registry.npmjs.org/is-number/-/is-number-3.0.0.tgz",
          "integrity": "sha1-JP1iAaR4LPUFYcgQJ2r8fRLXEZU=",
          "dependencies": {
            "kind-of": {
              "version": "3.2.2",
              "resolved": "https://registry.npmjs.org/kind-of/-/kind-of-3.2.2.tgz",
              "integrity": "sha1-MeohpzS6ubuw8yRm2JOupR5KPGQ="
            }
          }
        },
        "isobject": {
          "version": "3.0.1",
          "resolved": "https://registry.npmjs.org/isobject/-/isobject-3.0.1.tgz",
          "integrity": "sha1-TkMekrEalzFjaqH5yNHMvP2reN8="
        },
        "kind-of": {
          "version": "6.0.2",
          "resolved": "https://registry.npmjs.org/kind-of/-/kind-of-6.0.2.tgz",
          "integrity": "sha512-s5kLOcnH0XqDO+FvuaLX8DDjZ18CGFk7VygH40QoKPUQhW4e2rvM0rwUq0t8IQDOwYSeLK01U90OjzBTme2QqA=="
        },
        "micromatch": {
          "version": "3.1.10",
          "resolved": "https://registry.npmjs.org/micromatch/-/micromatch-3.1.10.tgz",
          "integrity": "sha512-MWikgl9n9M3w+bpsY3He8L+w9eF9338xRl8IAO5viDizwSzziFEyUzo2xrrloB64ADbTf8uA8vRqqttDTOmccg=="
        },
        "resolve": {
          "version": "1.8.1",
          "resolved": "https://registry.npmjs.org/resolve/-/resolve-1.8.1.tgz",
          "integrity": "sha512-AicPrAC7Qu1JxPCZ9ZgCZlY35QgFnNqc+0LtbRNxnVw4TXvjQ72wnuL9JQcEBgXkI9JM8MsT9kaQoHcpCRJOYA=="
        }
      }
    },
    "load-grunt-config": {
      "version": "0.13.2",
      "resolved": "https://registry.npmjs.org/load-grunt-config/-/load-grunt-config-0.13.2.tgz",
      "integrity": "sha1-EPZrHwrVeLC+BH/8B+JRi7KYukE=",
      "dev": true,
      "dependencies": {
        "glob": {
          "version": "3.2.11",
          "resolved": "https://registry.npmjs.org/glob/-/glob-3.2.11.tgz",
          "integrity": "sha1-Spc/Y1uRkPcV0QmH1cAP0oFevj0="
        },
        "minimatch": {
          "version": "0.3.0",
          "resolved": "https://registry.npmjs.org/minimatch/-/minimatch-0.3.0.tgz",
          "integrity": "sha1-J12O2qxPG7MyZHIInnlJyDlGmd0="
        }
      }
    },
    "lodash": {
      "version": "2.4.2",
      "resolved": "https://registry.npmjs.org/lodash/-/lodash-2.4.2.tgz",
      "integrity": "sha1-+t2DS5aDBz2hebPq5tnA0VBT9z4="
    },
    "marked": {
      "version": "0.3.19",
      "resolved": "http://registry.npmjs.org/marked/-/marked-0.3.19.tgz",
      "integrity": "sha512-ea2eGWOqNxPcXv8dyERdSr/6FmzvWwzjMxpfGB/sbMccXoct+xY+YukPD+QTUZwyvK7BZwcr4m21WBOW41pAkg==",
      "dev": true
    },
    "moment": {
      "version": "2.22.2",
      "resolved": "https://registry.npmjs.org/moment/-/moment-2.22.2.tgz",
      "integrity": "sha1-PCV/mDn8DpP/UxSWMiOeuQeD/2Y="
    },
    "nprogress": {
      "version": "0.1.6",
      "resolved": "http://registry.npmjs.org/nprogress/-/nprogress-0.1.6.tgz",
      "integrity": "sha1-x6PK+fQ1OxeEMKPKjq7gdod60N8="
    },
    "once": {
      "version": "1.4.0",
      "resolved": "https://registry.npmjs.org/once/-/once-1.4.0.tgz",
      "integrity": "sha1-WDsap3WWHUsROsF9nFC6753Xa9E=",
      "dev": true
    },
    "osenv": {
      "version": "0.1.5",
      "resolved": "https://registry.npmjs.org/osenv/-/osenv-0.1.5.tgz",
      "integrity": "sha512-0CWcCECdMVc2Rw3U5w9ZjqX6ga6ubk1xDVKxtBQPK7wis/0F2r9T6k4ydGYhecl7YUBxBVxhL5oisPsNxAPe2g==",
      "dev": true
    },
    "path-is-absolute": {
      "version": "1.0.1",
      "resolved": "https://registry.npmjs.org/path-is-absolute/-/path-is-absolute-1.0.1.tgz",
      "integrity": "sha1-F0uSaHNVNP+8es5r9TpanhtcX18=",
      "dev": true
    },
    "radio.controller": {
      "version": "0.2.0",
      "resolved": "https://registry.npmjs.org/radio.controller/-/radio.controller-0.2.0.tgz",
      "integrity": "sha1-bxWTN9yUBlB9RYgNlILqhUyPn1c="
    },
    "rbush": {
      "version": "1.4.3",
      "resolved": "https://registry.npmjs.org/rbush/-/rbush-1.4.3.tgz",
      "integrity": "sha1-eHTi04kR0nGeoncx0yRF2l7EOUw="
    },
    "safer-buffer": {
      "version": "2.1.2",
      "resolved": "https://registry.npmjs.org/safer-buffer/-/safer-buffer-2.1.2.tgz",
      "integrity": "sha512-YZo3K82SD7Riyi0E1EQPojLz7kpepnSQI9IyPbHHg1XXXevb5dJI7tpyN2ADxGcQbHG7vcyRHk0cbwqcQriUtg==",
      "dev": true
    },
    "sprintf-js": {
      "version": "1.1.1",
      "resolved": "https://registry.npmjs.org/sprintf-js/-/sprintf-js-1.1.1.tgz",
      "integrity": "sha1-Nr54Mgr+WAH2zqPueLblqrlA6gw=",
      "dev": true
    },
    "time-grunt": {
      "version": "1.4.0",
      "resolved": "https://registry.npmjs.org/time-grunt/-/time-grunt-1.4.0.tgz",
      "integrity": "sha1-BiIT5mDJB+hvRAVWwB6mWXtxJCA=",
      "dev": true,
      "dependencies": {
        "ansi-regex": {
          "version": "2.1.1",
          "resolved": "https://registry.npmjs.org/ansi-regex/-/ansi-regex-2.1.1.tgz",
          "integrity": "sha1-w7M6te42DYbg5ijwRorn7yfWVN8="
        },
        "ansi-styles": {
          "version": "2.2.1",
          "resolved": "https://registry.npmjs.org/ansi-styles/-/ansi-styles-2.2.1.tgz",
          "integrity": "sha1-tDLdM1i2NM914eRmQ2gkBTPB3b4="
        },
        "chalk": {
          "version": "1.1.3",
          "resolved": "https://registry.npmjs.org/chalk/-/chalk-1.1.3.tgz",
          "integrity": "sha1-qBFcVeSnAv5NFQq9OHKCKn4J/Jg="
        },
        "has-ansi": {
          "version": "2.0.0",
          "resolved": "https://registry.npmjs.org/has-ansi/-/has-ansi-2.0.0.tgz",
          "integrity": "sha1-NPUEnOHs3ysGSa8+8k5F7TVBbZE="
        },
        "strip-ansi": {
          "version": "3.0.1",
          "resolved": "http://registry.npmjs.org/strip-ansi/-/strip-ansi-3.0.1.tgz",
          "integrity": "sha1-ajhfuIU9lS1f8F0Oiq+UJ43GPc8="
        },
        "supports-color": {
          "version": "2.0.0",
          "resolved": "https://registry.npmjs.org/supports-color/-/supports-color-2.0.0.tgz",
          "integrity": "sha1-U10EXOa2Nj+kARcIRimZXp3zJMc="
        }
      }
    },
    "util-deprecate": {
      "version": "1.0.2",
      "resolved": "https://registry.npmjs.org/util-deprecate/-/util-deprecate-1.0.2.tgz",
      "integrity": "sha1-RQ1Nyfpw3nMnYvvS1KKJgUGaDM8=",
      "dev": true
    }
  }
}
